
Microsoft Visual Studio Solution File, Format Version 12.00
# Visual Studio Version 16
VisualStudioVersion = 16.0.30011.22
MinimumVisualStudioVersion = 10.0.40219.1
Project("{9A19103F-16F7-4668-BE54-9A1E7A4F7556}") = "Meta.Lib", "Meta.Lib\Meta.Lib.csproj", "{7B7DD0CD-C15E-4D79-A494-B0DF8592F91F}"
EndProject
Project("{9A19103F-16F7-4668-BE54-9A1E7A4F7556}") = "Meta.Lib.Tests", "Meta.Lib.Tests\Meta.Lib.Tests.csproj", "{9B140684-6503-4878-BFD8-803ADAB0F003}"
EndProject
Project("{9A19103F-16F7-4668-BE54-9A1E7A4F7556}") = "Meta.Lib.Examples", "Meta.Lib.Examples\Meta.Lib.Examples.csproj", "{B8709F58-9D50-469A-AE44-CB73881A0A96}"
EndProject
Project("{FAE04EC0-301F-11D3-BF4B-00C04F79EFBC}") = "TestClient", "TestClient\TestClient.csproj", "{08576E10-F1AB-40AE-8832-26C37D357B5F}"
EndProject
Global
	GlobalSection(SolutionConfigurationPlatforms) = preSolution
		Debug|Any CPU = Debug|Any CPU
		Debug|x64 = Debug|x64
		Release|Any CPU = Release|Any CPU
		Release|x64 = Release|x64
	EndGlobalSection
	GlobalSection(ProjectConfigurationPlatforms) = postSolution
		{7B7DD0CD-C15E-4D79-A494-B0DF8592F91F}.Debug|Any CPU.ActiveCfg = Debug|Any CPU
		{7B7DD0CD-C15E-4D79-A494-B0DF8592F91F}.Debug|Any CPU.Build.0 = Debug|Any CPU
		{7B7DD0CD-C15E-4D79-A494-B0DF8592F91F}.Debug|x64.ActiveCfg = Debug|x64
		{7B7DD0CD-C15E-4D79-A494-B0DF8592F91F}.Debug|x64.Build.0 = Debug|x64
		{7B7DD0CD-C15E-4D79-A494-B0DF8592F91F}.Release|Any CPU.ActiveCfg = Release|Any CPU
		{7B7DD0CD-C15E-4D79-A494-B0DF8592F91F}.Release|Any CPU.Build.0 = Release|Any CPU
		{7B7DD0CD-C15E-4D79-A494-B0DF8592F91F}.Release|x64.ActiveCfg = Release|Any CPU
		{7B7DD0CD-C15E-4D79-A494-B0DF8592F91F}.Release|x64.Build.0 = Release|Any CPU
		{9B140684-6503-4878-BFD8-803ADAB0F003}.Debug|Any CPU.ActiveCfg = Debug|Any CPU
		{9B140684-6503-4878-BFD8-803ADAB0F003}.Debug|Any CPU.Build.0 = Debug|Any CPU
		{9B140684-6503-4878-BFD8-803ADAB0F003}.Debug|x64.ActiveCfg = Debug|Any CPU
		{9B140684-6503-4878-BFD8-803ADAB0F003}.Debug|x64.Build.0 = Debug|Any CPU
		{9B140684-6503-4878-BFD8-803ADAB0F003}.Release|Any CPU.ActiveCfg = Release|Any CPU
		{9B140684-6503-4878-BFD8-803ADAB0F003}.Release|Any CPU.Build.0 = Release|Any CPU
		{9B140684-6503-4878-BFD8-803ADAB0F003}.Release|x64.ActiveCfg = Release|Any CPU
		{9B140684-6503-4878-BFD8-803ADAB0F003}.Release|x64.Build.0 = Release|Any CPU
		{B8709F58-9D50-469A-AE44-CB73881A0A96}.Debug|Any CPU.ActiveCfg = Debug|Any CPU
		{B8709F58-9D50-469A-AE44-CB73881A0A96}.Debug|Any CPU.Build.0 = Debug|Any CPU
		{B8709F58-9D50-469A-AE44-CB73881A0A96}.Debug|x64.ActiveCfg = Debug|Any CPU
		{B8709F58-9D50-469A-AE44-CB73881A0A96}.Debug|x64.Build.0 = Debug|Any CPU
		{B8709F58-9D50-469A-AE44-CB73881A0A96}.Release|Any CPU.ActiveCfg = Release|Any CPU
		{B8709F58-9D50-469A-AE44-CB73881A0A96}.Release|Any CPU.Build.0 = Release|Any CPU
		{B8709F58-9D50-469A-AE44-CB73881A0A96}.Release|x64.ActiveCfg = Release|Any CPU
		{B8709F58-9D50-469A-AE44-CB73881A0A96}.Release|x64.Build.0 = Release|Any CPU
		{08576E10-F1AB-40AE-8832-26C37D357B5F}.Debug|Any CPU.ActiveCfg = Debug|Any CPU
		{08576E10-F1AB-40AE-8832-26C37D357B5F}.Debug|Any CPU.Build.0 = Debug|Any CPU
		{08576E10-F1AB-40AE-8832-26C37D357B5F}.Debug|x64.ActiveCfg = Debug|Any CPU
		{08576E10-F1AB-40AE-8832-26C37D357B5F}.Debug|x64.Build.0 = Debug|Any CPU
		{08576E10-F1AB-40AE-8832-26C37D357B5F}.Release|Any CPU.ActiveCfg = Release|Any CPU
		{08576E10-F1AB-40AE-8832-26C37D357B5F}.Release|Any CPU.Build.0 = Release|Any CPU
		{08576E10-F1AB-40AE-8832-26C37D357B5F}.Release|x64.ActiveCfg = Release|Any CPU
		{08576E10-F1AB-40AE-8832-26C37D357B5F}.Release|x64.Build.0 = Release|Any CPU
	EndGlobalSection
	GlobalSection(SolutionProperties) = preSolution
		HideSolutionNode = FALSE
	EndGlobalSection
	GlobalSection(ExtensibilityGlobals) = postSolution
		SolutionGuid = {28C3CB77-BB63-417A-9A0D-ACFB3EC85A5B}
	EndGlobalSection
EndGlobal
